# This file is automatically @generated by Cargo.
# It is not intended for manual editing.
version = 3

[[package]]
name = "enclave"
version = "0.1.0"
dependencies = [
 "sgx_types",
]

[[package]]
name = "sgx_types"
version = "1.1.4"

[[patch.unused]]
name = "sgx_alloc"
version = "1.1.4"

[[patch.unused]]
name = "sgx_build_helper"
version = "1.1.4"

[[patch.unused]]
name = "sgx_cov"
version = "1.1.4"

[[patch.unused]]
name = "sgx_crypto_helper"
version = "1.1.4"

[[patch.unused]]
name = "sgx_libc"
version = "1.1.4"

[[patch.unused]]
name = "sgx_rand"
version = "1.1.4"

[[patch.unused]]
name = "sgx_rand_derive"
version = "1.1.4"

[[patch.unused]]
name = "sgx_serialize"
version = "1.1.4"

[[patch.unused]]
name = "sgx_serialize_derive"
version = "1.1.4"

[[patch.unused]]
name = "sgx_serialize_derive_internals"
version = "1.1.4"

[[patch.unused]]
name = "sgx_tcrypto"
version = "1.1.4"

[[patch.unused]]
name = "sgx_tcrypto_helper"
version = "1.1.4"

[[patch.unused]]
name = "sgx_tdh"
version = "1.1.4"

[[patch.unused]]
name = "sgx_tkey_exchange"
version = "1.1.4"

[[patch.unused]]
name = "sgx_tprotected_fs"
version = "1.1.4"

[[patch.unused]]
name = "sgx_trts"
version = "1.1.4"

[[patch.unused]]
name = "sgx_tse"
version = "1.1.4"

[[patch.unused]]
name = "sgx_tseal"
version = "1.1.4"

[[patch.unused]]
name = "sgx_tstd"
version = "1.1.4"

[[patch.unused]]
name = "sgx_tunittest"
version = "1.1.4"

[[patch.unused]]
name = "sgx_ucrypto"
version = "1.1.4"

[[patch.unused]]
name = "sgx_unwind"
version = "1.1.4"

[[patch.unused]]
name = "sgx_urts"
version = "1.1.4"
