# This file is automatically @generated by Cargo.
# It is not intended for manual editing.
version = 3

[[package]]
name = "cc"
version = "1.0.73"
source = "registry+https://github.com/rust-lang/crates.io-index"
checksum = "2fff2a6927b3bb87f9595d67196a70493f627687a71d87a0d692242c33f58c11"

[[package]]
name = "enclave"
version = "0.1.0"
dependencies = [
 "sgx_rand",
 "sgx_trts",
 "sgx_tseal",
 "sgx_tstd",
 "sgx_types",
]

[[package]]
name = "hashbrown_tstd"
version = "0.11.2"

[[package]]
name = "sgx_alloc"
version = "1.1.4"

[[package]]
name = "sgx_backtrace_sys"
version = "1.1.4"
dependencies = [
 "cc",
 "sgx_build_helper",
 "sgx_libc",
]

[[package]]
name = "sgx_build_helper"
version = "1.1.4"

[[package]]
name = "sgx_demangle"
version = "1.1.4"

[[package]]
name = "sgx_libc"
version = "1.1.4"
dependencies = [
 "sgx_types",
]

[[package]]
name = "sgx_rand"
version = "1.1.4"
dependencies = [
 "sgx_trts",
 "sgx_tstd",
 "sgx_types",
]

[[package]]
name = "sgx_tcrypto"
version = "1.1.4"
dependencies = [
 "sgx_types",
]

[[package]]
name = "sgx_tprotected_fs"
version = "1.1.4"
dependencies = [
 "sgx_trts",
 "sgx_types",
]

[[package]]
name = "sgx_trts"
version = "1.1.4"
dependencies = [
 "sgx_libc",
 "sgx_types",
]

[[package]]
name = "sgx_tse"
version = "1.1.4"
dependencies = [
 "sgx_types",
]

[[package]]
name = "sgx_tseal"
version = "1.1.4"
dependencies = [
 "sgx_tcrypto",
 "sgx_trts",
 "sgx_tse",
 "sgx_types",
]

[[package]]
name = "sgx_tstd"
version = "1.1.4"
dependencies = [
 "hashbrown_tstd",
 "sgx_alloc",
 "sgx_backtrace_sys",
 "sgx_demangle",
 "sgx_libc",
 "sgx_tprotected_fs",
 "sgx_trts",
 "sgx_types",
 "sgx_unwind",
]

[[package]]
name = "sgx_types"
version = "1.1.4"

[[package]]
name = "sgx_unwind"
version = "1.1.4"
dependencies = [
 "sgx_build_helper",
]

[[patch.unused]]
name = "sgx_cov"
version = "1.1.4"

[[patch.unused]]
name = "sgx_crypto_helper"
version = "1.1.4"

[[patch.unused]]
name = "sgx_rand_derive"
version = "1.1.4"

[[patch.unused]]
name = "sgx_serialize"
version = "1.1.4"

[[patch.unused]]
name = "sgx_serialize_derive"
version = "1.1.4"

[[patch.unused]]
name = "sgx_serialize_derive_internals"
version = "1.1.4"

[[patch.unused]]
name = "sgx_tcrypto_helper"
version = "1.1.4"

[[patch.unused]]
name = "sgx_tdh"
version = "1.1.4"

[[patch.unused]]
name = "sgx_tkey_exchange"
version = "1.1.4"

[[patch.unused]]
name = "sgx_tunittest"
version = "1.1.4"

[[patch.unused]]
name = "sgx_ucrypto"
version = "1.1.4"

[[patch.unused]]
name = "sgx_urts"
version = "1.1.4"
